// !$*UTF8*$!
{
	archiveVersion = 1;
	classes = {
	};
	objectVersion = 48;
	objects = {

/* Begin PBXBuildFile section */
		8108598520100AE900C51E20 /* StartUpViewController.swift in Sources */ = {isa = PBXBuildFile; fileRef = 8108598420100AE900C51E20 /* StartUpViewController.swift */; };
		81584B592004372500B7428D /* AppDelegate.swift in Sources */ = {isa = PBXBuildFile; fileRef = 81584B582004372500B7428D /* AppDelegate.swift */; };
		81584B5E2004372500B7428D /* Main.storyboard in Resources */ = {isa = PBXBuildFile; fileRef = 81584B5C2004372500B7428D /* Main.storyboard */; };
		81584B632004372500B7428D /* Assets.xcassets in Resources */ = {isa = PBXBuildFile; fileRef = 81584B622004372500B7428D /* Assets.xcassets */; };
		81584B662004372500B7428D /* LaunchScreen.storyboard in Resources */ = {isa = PBXBuildFile; fileRef = 81584B642004372500B7428D /* LaunchScreen.storyboard */; };
		819C3C2B20058F3600C64B67 /* MainViewController.swift in Sources */ = {isa = PBXBuildFile; fileRef = 819C3C2A20058F3600C64B67 /* MainViewController.swift */; };
		819C3C2F200592F400C64B67 /* MainCollectionViewCell.swift in Sources */ = {isa = PBXBuildFile; fileRef = 819C3C2E200592F400C64B67 /* MainCollectionViewCell.swift */; };
		819C3C312005999500C64B67 /* LoginViewController.swift in Sources */ = {isa = PBXBuildFile; fileRef = 819C3C302005999500C64B67 /* LoginViewController.swift */; };
		819C3C352006CC7F00C64B67 /* GroupUserListViewController.swift in Sources */ = {isa = PBXBuildFile; fileRef = 819C3C342006CC7F00C64B67 /* GroupUserListViewController.swift */; };
		819C3C3F2006DC3F00C64B67 /* Constants.swift in Sources */ = {isa = PBXBuildFile; fileRef = 819C3C3E2006DC3F00C64B67 /* Constants.swift */; };
		81CCF97F200962F700269596 /* GroupType.swift in Sources */ = {isa = PBXBuildFile; fileRef = 81CCF97E200962F700269596 /* GroupType.swift */; };
		81CCF9812009811700269596 /* EnterGroupCodeViewController.swift in Sources */ = {isa = PBXBuildFile; fileRef = 81CCF9802009811700269596 /* EnterGroupCodeViewController.swift */; };
		81DAD95F2005442400C8347E /* Group.swift in Sources */ = {isa = PBXBuildFile; fileRef = 81DAD95E2005442400C8347E /* Group.swift */; };
		81DAD961200544B300C8347E /* User.swift in Sources */ = {isa = PBXBuildFile; fileRef = 81DAD960200544B300C8347E /* User.swift */; };
		81DAD96320055E7900C8347E /* UserController.swift in Sources */ = {isa = PBXBuildFile; fileRef = 81DAD96220055E7900C8347E /* UserController.swift */; };
		81DAD96520055E8300C8347E /* GroupController.swift in Sources */ = {isa = PBXBuildFile; fileRef = 81DAD96420055E8300C8347E /* GroupController.swift */; };
		81DAD968200562FB00C8347E /* CloudKitManager.swift in Sources */ = {isa = PBXBuildFile; fileRef = 81DAD967200562FB00C8347E /* CloudKitManager.swift */; };
		81DAD96C2005883B00C8347E /* CloudKit.framework in Frameworks */ = {isa = PBXBuildFile; fileRef = 81DAD96B2005883B00C8347E /* CloudKit.framework */; };
/* End PBXBuildFile section */

/* Begin PBXFileReference section */
		8108598420100AE900C51E20 /* StartUpViewController.swift */ = {isa = PBXFileReference; lastKnownFileType = sourcecode.swift; path = StartUpViewController.swift; sourceTree = "<group>"; };
		81584B552004372500B7428D /* NameScramble.app */ = {isa = PBXFileReference; explicitFileType = wrapper.application; includeInIndex = 0; path = NameScramble.app; sourceTree = BUILT_PRODUCTS_DIR; };
		81584B582004372500B7428D /* AppDelegate.swift */ = {isa = PBXFileReference; lastKnownFileType = sourcecode.swift; path = AppDelegate.swift; sourceTree = "<group>"; };
		81584B5D2004372500B7428D /* Base */ = {isa = PBXFileReference; lastKnownFileType = file.storyboard; name = Base; path = Base.lproj/Main.storyboard; sourceTree = "<group>"; };
		81584B622004372500B7428D /* Assets.xcassets */ = {isa = PBXFileReference; lastKnownFileType = folder.assetcatalog; path = Assets.xcassets; sourceTree = "<group>"; };
		81584B652004372500B7428D /* Base */ = {isa = PBXFileReference; lastKnownFileType = file.storyboard; name = Base; path = Base.lproj/LaunchScreen.storyboard; sourceTree = "<group>"; };
		81584B672004372500B7428D /* Info.plist */ = {isa = PBXFileReference; lastKnownFileType = text.plist.xml; path = Info.plist; sourceTree = "<group>"; };
		819C3C2A20058F3600C64B67 /* MainViewController.swift */ = {isa = PBXFileReference; lastKnownFileType = sourcecode.swift; path = MainViewController.swift; sourceTree = "<group>"; };
		819C3C2E200592F400C64B67 /* MainCollectionViewCell.swift */ = {isa = PBXFileReference; lastKnownFileType = sourcecode.swift; path = MainCollectionViewCell.swift; sourceTree = "<group>"; };
		819C3C302005999500C64B67 /* LoginViewController.swift */ = {isa = PBXFileReference; lastKnownFileType = sourcecode.swift; path = LoginViewController.swift; sourceTree = "<group>"; };
		819C3C342006CC7F00C64B67 /* GroupUserListViewController.swift */ = {isa = PBXFileReference; lastKnownFileType = sourcecode.swift; path = GroupUserListViewController.swift; sourceTree = "<group>"; };
		819C3C3E2006DC3F00C64B67 /* Constants.swift */ = {isa = PBXFileReference; lastKnownFileType = sourcecode.swift; path = Constants.swift; sourceTree = "<group>"; };
		81CCF97E200962F700269596 /* GroupType.swift */ = {isa = PBXFileReference; lastKnownFileType = sourcecode.swift; path = GroupType.swift; sourceTree = "<group>"; };
		81CCF9802009811700269596 /* EnterGroupCodeViewController.swift */ = {isa = PBXFileReference; lastKnownFileType = sourcecode.swift; path = EnterGroupCodeViewController.swift; sourceTree = "<group>"; };
		81DAD95E2005442400C8347E /* Group.swift */ = {isa = PBXFileReference; lastKnownFileType = sourcecode.swift; path = Group.swift; sourceTree = "<group>"; };
		81DAD960200544B300C8347E /* User.swift */ = {isa = PBXFileReference; lastKnownFileType = sourcecode.swift; path = User.swift; sourceTree = "<group>"; };
		81DAD96220055E7900C8347E /* UserController.swift */ = {isa = PBXFileReference; lastKnownFileType = sourcecode.swift; path = UserController.swift; sourceTree = "<group>"; };
		81DAD96420055E8300C8347E /* GroupController.swift */ = {isa = PBXFileReference; lastKnownFileType = sourcecode.swift; path = GroupController.swift; sourceTree = "<group>"; };
		81DAD967200562FB00C8347E /* CloudKitManager.swift */ = {isa = PBXFileReference; lastKnownFileType = sourcecode.swift; path = CloudKitManager.swift; sourceTree = "<group>"; };
		81DAD9692005883100C8347E /* NameScramble.entitlements */ = {isa = PBXFileReference; lastKnownFileType = text.plist.entitlements; path = NameScramble.entitlements; sourceTree = "<group>"; };
		81DAD96B2005883B00C8347E /* CloudKit.framework */ = {isa = PBXFileReference; lastKnownFileType = wrapper.framework; name = CloudKit.framework; path = System/Library/Frameworks/CloudKit.framework; sourceTree = SDKROOT; };
/* End PBXFileReference section */

/* Begin PBXFrameworksBuildPhase section */
		81584B522004372500B7428D /* Frameworks */ = {
			isa = PBXFrameworksBuildPhase;
			buildActionMask = 2147483647;
			files = (
				81DAD96C2005883B00C8347E /* CloudKit.framework in Frameworks */,
			);
			runOnlyForDeploymentPostprocessing = 0;
		};
/* End PBXFrameworksBuildPhase section */

/* Begin PBXGroup section */
		81584B4C2004372500B7428D = {
			isa = PBXGroup;
			children = (
				81584B572004372500B7428D /* NameScramble */,
				81584B562004372500B7428D /* Products */,
				81DAD96A2005883B00C8347E /* Frameworks */,
			);
			sourceTree = "<group>";
		};
		81584B562004372500B7428D /* Products */ = {
			isa = PBXGroup;
			children = (
				81584B552004372500B7428D /* NameScramble.app */,
			);
			name = Products;
			sourceTree = "<group>";
		};
		81584B572004372500B7428D /* NameScramble */ = {
			isa = PBXGroup;
			children = (
				81584B582004372500B7428D /* AppDelegate.swift */,
				81584B72200438B800B7428D /* Storyboards */,
				81584B71200438B600B7428D /* Views */,
				81584B70200438B500B7428D /* ViewControllers */,
				81584B6F200438B300B7428D /* ModelControllers */,
				81584B6E200438B000B7428D /* Models */,
				819C3C392006D97300C64B67 /* HelperFiles */,
				81DAD966200562E700C8347E /* Controllers */,
				81584B622004372500B7428D /* Assets.xcassets */,
				81DAD9692005883100C8347E /* NameScramble.entitlements */,
				81584B672004372500B7428D /* Info.plist */,
			);
			path = NameScramble;
			sourceTree = "<group>";
		};
		81584B6E200438B000B7428D /* Models */ = {
			isa = PBXGroup;
			children = (
				81DAD960200544B300C8347E /* User.swift */,
				81DAD95E2005442400C8347E /* Group.swift */,
				81CCF97E200962F700269596 /* GroupType.swift */,
			);
			path = Models;
			sourceTree = "<group>";
		};
		81584B6F200438B300B7428D /* ModelControllers */ = {
			isa = PBXGroup;
			children = (
				81DAD96220055E7900C8347E /* UserController.swift */,
				81DAD96420055E8300C8347E /* GroupController.swift */,
			);
			path = ModelControllers;
			sourceTree = "<group>";
		};
		81584B70200438B500B7428D /* ViewControllers */ = {
			isa = PBXGroup;
			children = (
				8108598420100AE900C51E20 /* StartUpViewController.swift */,
				819C3C302005999500C64B67 /* LoginViewController.swift */,
				819C3C2A20058F3600C64B67 /* MainViewController.swift */,
				819C3C342006CC7F00C64B67 /* GroupUserListViewController.swift */,
				81CCF9802009811700269596 /* EnterGroupCodeViewController.swift */,
			);
			path = ViewControllers;
			sourceTree = "<group>";
		};
		81584B71200438B600B7428D /* Views */ = {
			isa = PBXGroup;
			children = (
				819C3C2E200592F400C64B67 /* MainCollectionViewCell.swift */,
			);
			path = Views;
			sourceTree = "<group>";
		};
		81584B72200438B800B7428D /* Storyboards */ = {
			isa = PBXGroup;
			children = (
				81584B5C2004372500B7428D /* Main.storyboard */,
				81584B642004372500B7428D /* LaunchScreen.storyboard */,
			);
			path = Storyboards;
			sourceTree = "<group>";
		};
		819C3C392006D97300C64B67 /* HelperFiles */ = {
			isa = PBXGroup;
			children = (
				819C3C3E2006DC3F00C64B67 /* Constants.swift */,
			);
			path = HelperFiles;
			sourceTree = "<group>";
		};
		81DAD966200562E700C8347E /* Controllers */ = {
			isa = PBXGroup;
			children = (
				81DAD967200562FB00C8347E /* CloudKitManager.swift */,
			);
			path = Controllers;
			sourceTree = "<group>";
		};
		81DAD96A2005883B00C8347E /* Frameworks */ = {
			isa = PBXGroup;
			children = (
				81DAD96B2005883B00C8347E /* CloudKit.framework */,
			);
			name = Frameworks;
			sourceTree = "<group>";
		};
/* End PBXGroup section */

/* Begin PBXNativeTarget section */
		81584B542004372500B7428D /* NameScramble */ = {
			isa = PBXNativeTarget;
			buildConfigurationList = 81584B6A2004372500B7428D /* Build configuration list for PBXNativeTarget "NameScramble" */;
			buildPhases = (
				81584B512004372500B7428D /* Sources */,
				81584B522004372500B7428D /* Frameworks */,
				81584B532004372500B7428D /* Resources */,
			);
			buildRules = (
			);
			dependencies = (
			);
			name = NameScramble;
			productName = NameScramble;
			productReference = 81584B552004372500B7428D /* NameScramble.app */;
			productType = "com.apple.product-type.application";
		};
/* End PBXNativeTarget section */

/* Begin PBXProject section */
		81584B4D2004372500B7428D /* Project object */ = {
			isa = PBXProject;
			attributes = {
				LastSwiftUpdateCheck = 0920;
				LastUpgradeCheck = 0920;
				ORGANIZATIONNAME = "Sterling Mortensen";
				TargetAttributes = {
					81584B542004372500B7428D = {
						CreatedOnToolsVersion = 9.2;
						ProvisioningStyle = Automatic;
						SystemCapabilities = {
							com.apple.BackgroundModes = {
								enabled = 1;
							};
							com.apple.Push = {
								enabled = 1;
							};
							com.apple.iCloud = {
								enabled = 1;
							};
						};
					};
				};
			};
			buildConfigurationList = 81584B502004372500B7428D /* Build configuration list for PBXProject "NameScramble" */;
			compatibilityVersion = "Xcode 8.0";
			developmentRegion = en;
			hasScannedForEncodings = 0;
			knownRegions = (
				en,
				Base,
			);
			mainGroup = 81584B4C2004372500B7428D;
			productRefGroup = 81584B562004372500B7428D /* Products */;
			projectDirPath = "";
			projectRoot = "";
			targets = (
				81584B542004372500B7428D /* NameScramble */,
			);
		};
/* End PBXProject section */

/* Begin PBXResourcesBuildPhase section */
		81584B532004372500B7428D /* Resources */ = {
			isa = PBXResourcesBuildPhase;
			buildActionMask = 2147483647;
			files = (
				81584B662004372500B7428D /* LaunchScreen.storyboard in Resources */,
				81584B632004372500B7428D /* Assets.xcassets in Resources */,
				81584B5E2004372500B7428D /* Main.storyboard in Resources */,
			);
			runOnlyForDeploymentPostprocessing = 0;
		};
/* End PBXResourcesBuildPhase section */

/* Begin PBXSourcesBuildPhase section */
		81584B512004372500B7428D /* Sources */ = {
			isa = PBXSourcesBuildPhase;
			buildActionMask = 2147483647;
			files = (
				819C3C312005999500C64B67 /* LoginViewController.swift in Sources */,
				81DAD961200544B300C8347E /* User.swift in Sources */,
				81CCF9812009811700269596 /* EnterGroupCodeViewController.swift in Sources */,
				81DAD95F2005442400C8347E /* Group.swift in Sources */,
				81DAD968200562FB00C8347E /* CloudKitManager.swift in Sources */,
				819C3C2F200592F400C64B67 /* MainCollectionViewCell.swift in Sources */,
				81DAD96320055E7900C8347E /* UserController.swift in Sources */,
				81DAD96520055E8300C8347E /* GroupController.swift in Sources */,
				81584B592004372500B7428D /* AppDelegate.swift in Sources */,
				819C3C3F2006DC3F00C64B67 /* Constants.swift in Sources */,
				81CCF97F200962F700269596 /* GroupType.swift in Sources */,
				819C3C2B20058F3600C64B67 /* MainViewController.swift in Sources */,
				8108598520100AE900C51E20 /* StartUpViewController.swift in Sources */,
				819C3C352006CC7F00C64B67 /* GroupUserListViewController.swift in Sources */,
			);
			runOnlyForDeploymentPostprocessing = 0;
		};
/* End PBXSourcesBuildPhase section */

/* Begin PBXVariantGroup section */
		81584B5C2004372500B7428D /* Main.storyboard */ = {
			isa = PBXVariantGroup;
			children = (
				81584B5D2004372500B7428D /* Base */,
			);
			name = Main.storyboard;
			sourceTree = "<group>";
		};
		81584B642004372500B7428D /* LaunchScreen.storyboard */ = {
			isa = PBXVariantGroup;
			children = (
				81584B652004372500B7428D /* Base */,
			);
			name = LaunchScreen.storyboard;
			sourceTree = "<group>";
		};
/* End PBXVariantGroup section */

/* Begin XCBuildConfiguration section */
		81584B682004372500B7428D /* Debug */ = {
			isa = XCBuildConfiguration;
			buildSettings = {
				ALWAYS_SEARCH_USER_PATHS = NO;
				CLANG_ANALYZER_NONNULL = YES;
				CLANG_ANALYZER_NUMBER_OBJECT_CONVERSION = YES_AGGRESSIVE;
				CLANG_CXX_LANGUAGE_STANDARD = "gnu++14";
				CLANG_CXX_LIBRARY = "libc++";
				CLANG_ENABLE_MODULES = YES;
				CLANG_ENABLE_OBJC_ARC = YES;
				CLANG_WARN_BLOCK_CAPTURE_AUTORELEASING = YES;
				CLANG_WARN_BOOL_CONVERSION = YES;
				CLANG_WARN_COMMA = YES;
				CLANG_WARN_CONSTANT_CONVERSION = YES;
				CLANG_WARN_DIRECT_OBJC_ISA_USAGE = YES_ERROR;
				CLANG_WARN_DOCUMENTATION_COMMENTS = YES;
				CLANG_WARN_EMPTY_BODY = YES;
				CLANG_WARN_ENUM_CONVERSION = YES;
				CLANG_WARN_INFINITE_RECURSION = YES;
				CLANG_WARN_INT_CONVERSION = YES;
				CLANG_WARN_NON_LITERAL_NULL_CONVERSION = YES;
				CLANG_WARN_OBJC_LITERAL_CONVERSION = YES;
				CLANG_WARN_OBJC_ROOT_CLASS = YES_ERROR;
				CLANG_WARN_RANGE_LOOP_ANALYSIS = YES;
				CLANG_WARN_STRICT_PROTOTYPES = YES;
				CLANG_WARN_SUSPICIOUS_MOVE = YES;
				CLANG_WARN_UNGUARDED_AVAILABILITY = YES_AGGRESSIVE;
				CLANG_WARN_UNREACHABLE_CODE = YES;
				CLANG_WARN__DUPLICATE_METHOD_MATCH = YES;
				CODE_SIGN_IDENTITY = "iPhone Developer";
				COPY_PHASE_STRIP = NO;
				DEBUG_INFORMATION_FORMAT = dwarf;
				ENABLE_STRICT_OBJC_MSGSEND = YES;
				ENABLE_TESTABILITY = YES;
				GCC_C_LANGUAGE_STANDARD = gnu11;
				GCC_DYNAMIC_NO_PIC = NO;
				GCC_NO_COMMON_BLOCKS = YES;
				GCC_OPTIMIZATION_LEVEL = 0;
				GCC_PREPROCESSOR_DEFINITIONS = (
					"DEBUG=1",
					"$(inherited)",
				);
				GCC_WARN_64_TO_32_BIT_CONVERSION = YES;
				GCC_WARN_ABOUT_RETURN_TYPE = YES_ERROR;
				GCC_WARN_UNDECLARED_SELECTOR = YES;
				GCC_WARN_UNINITIALIZED_AUTOS = YES_AGGRESSIVE;
				GCC_WARN_UNUSED_FUNCTION = YES;
				GCC_WARN_UNUSED_VARIABLE = YES;
				IPHONEOS_DEPLOYMENT_TARGET = 11.2;
				MTL_ENABLE_DEBUG_INFO = YES;
				ONLY_ACTIVE_ARCH = YES;
				SDKROOT = iphoneos;
				SWIFT_ACTIVE_COMPILATION_CONDITIONS = DEBUG;
				SWIFT_OPTIMIZATION_LEVEL = "-Onone";
			};
			name = Debug;
		};
		81584B692004372500B7428D /* Release */ = {
			isa = XCBuildConfiguration;
			buildSettings = {
				ALWAYS_SEARCH_USER_PATHS = NO;
				CLANG_ANALYZER_NONNULL = YES;
				CLANG_ANALYZER_NUMBER_OBJECT_CONVERSION = YES_AGGRESSIVE;
				CLANG_CXX_LANGUAGE_STANDARD = "gnu++14";
				CLANG_CXX_LIBRARY = "libc++";
				CLANG_ENABLE_MODULES = YES;
				CLANG_ENABLE_OBJC_ARC = YES;
				CLANG_WARN_BLOCK_CAPTURE_AUTORELEASING = YES;
				CLANG_WARN_BOOL_CONVERSION = YES;
				CLANG_WARN_COMMA = YES;
				CLANG_WARN_CONSTANT_CONVERSION = YES;
				CLANG_WARN_DIRECT_OBJC_ISA_USAGE = YES_ERROR;
				CLANG_WARN_DOCUMENTATION_COMMENTS = YES;
				CLANG_WARN_EMPTY_BODY = YES;
				CLANG_WARN_ENUM_CONVERSION = YES;
				CLANG_WARN_INFINITE_RECURSION = YES;
				CLANG_WARN_INT_CONVERSION = YES;
				CLANG_WARN_NON_LITERAL_NULL_CONVERSION = YES;
				CLANG_WARN_OBJC_LITERAL_CONVERSION = YES;
				CLANG_WARN_OBJC_ROOT_CLASS = YES_ERROR;
				CLANG_WARN_RANGE_LOOP_ANALYSIS = YES;
				CLANG_WARN_STRICT_PROTOTYPES = YES;
				CLANG_WARN_SUSPICIOUS_MOVE = YES;
				CLANG_WARN_UNGUARDED_AVAILABILITY = YES_AGGRESSIVE;
				CLANG_WARN_UNREACHABLE_CODE = YES;
				CLANG_WARN__DUPLICATE_METHOD_MATCH = YES;
				CODE_SIGN_IDENTITY = "iPhone Developer";
				COPY_PHASE_STRIP = NO;
				DEBUG_INFORMATION_FORMAT = "dwarf-with-dsym";
				ENABLE_NS_ASSERTIONS = NO;
				ENABLE_STRICT_OBJC_MSGSEND = YES;
				GCC_C_LANGUAGE_STANDARD = gnu11;
				GCC_NO_COMMON_BLOCKS = YES;
				GCC_WARN_64_TO_32_BIT_CONVERSION = YES;
				GCC_WARN_ABOUT_RETURN_TYPE = YES_ERROR;
				GCC_WARN_UNDECLARED_SELECTOR = YES;
				GCC_WARN_UNINITIALIZED_AUTOS = YES_AGGRESSIVE;
				GCC_WARN_UNUSED_FUNCTION = YES;
				GCC_WARN_UNUSED_VARIABLE = YES;
				IPHONEOS_DEPLOYMENT_TARGET = 11.2;
				MTL_ENABLE_DEBUG_INFO = NO;
				SDKROOT = iphoneos;
				SWIFT_OPTIMIZATION_LEVEL = "-Owholemodule";
				VALIDATE_PRODUCT = YES;
			};
			name = Release;
		};
		81584B6B2004372500B7428D /* Debug */ = {
			isa = XCBuildConfiguration;
			buildSettings = {
				ASSETCATALOG_COMPILER_APPICON_NAME = AppIcon;
				CODE_SIGN_ENTITLEMENTS = NameScramble/NameScramble.entitlements;
				CODE_SIGN_STYLE = Automatic;
				DEVELOPMENT_TEAM = 5H73PY6T7Z;
				INFOPLIST_FILE = NameScramble/Info.plist;
				LD_RUNPATH_SEARCH_PATHS = "$(inherited) @executable_path/Frameworks";
				PRODUCT_BUNDLE_IDENTIFIER = com.GitSwifty.NameScramble;
				PRODUCT_NAME = "$(TARGET_NAME)";
				SWIFT_VERSION = 4.0;
				TARGETED_DEVICE_FAMILY = "1,2";
			};
			name = Debug;
		};
		81584B6C2004372500B7428D /* Release */ = {
			isa = XCBuildConfiguration;
			buildSettings = {
				ASSETCATALOG_COMPILER_APPICON_NAME = AppIcon;
				CODE_SIGN_ENTITLEMENTS = NameScramble/NameScramble.entitlements;
				CODE_SIGN_STYLE = Automatic;
				DEVELOPMENT_TEAM = 5H73PY6T7Z;
				INFOPLIST_FILE = NameScramble/Info.plist;
				LD_RUNPATH_SEARCH_PATHS = "$(inherited) @executable_path/Frameworks";
				PRODUCT_BUNDLE_IDENTIFIER = com.GitSwifty.NameScramble;
				PRODUCT_NAME = "$(TARGET_NAME)";
				SWIFT_VERSION = 4.0;
				TARGETED_DEVICE_FAMILY = "1,2";
			};
			name = Release;
		};
/* End XCBuildConfiguration section */

/* Begin XCConfigurationList section */
		81584B502004372500B7428D /* Build configuration list for PBXProject "NameScramble" */ = {
			isa = XCConfigurationList;
			buildConfigurations = (
				81584B682004372500B7428D /* Debug */,
				81584B692004372500B7428D /* Release */,
			);
			defaultConfigurationIsVisible = 0;
			defaultConfigurationName = Release;
		};
		81584B6A2004372500B7428D /* Build configuration list for PBXNativeTarget "NameScramble" */ = {
			isa = XCConfigurationList;
			buildConfigurations = (
				81584B6B2004372500B7428D /* Debug */,
				81584B6C2004372500B7428D /* Release */,
			);
			defaultConfigurationIsVisible = 0;
			defaultConfigurationName = Release;
		};
/* End XCConfigurationList section */
	};
	rootObject = 81584B4D2004372500B7428D /* Project object */;
}
